// !$*UTF8*$!
{
	archiveVersion = 1;
	classes = {
	};
	objectVersion = 46;
	objects = {

/* Begin PBXBuildFile section */
		2BB79E631E9F1482007FB002 /* AppDelegate.swift in Sources */ = {isa = PBXBuildFile; fileRef = 2BB79E621E9F1482007FB002 /* AppDelegate.swift */; };
		2BB79E651E9F1482007FB002 /* TagViewController.swift in Sources */ = {isa = PBXBuildFile; fileRef = 2BB79E641E9F1482007FB002 /* TagViewController.swift */; };
		2BB79E6B1E9F1482007FB002 /* tagup.xcdatamodeld in Sources */ = {isa = PBXBuildFile; fileRef = 2BB79E691E9F1482007FB002 /* tagup.xcdatamodeld */; };
		2BB79E6D1E9F1482007FB002 /* Assets.xcassets in Resources */ = {isa = PBXBuildFile; fileRef = 2BB79E6C1E9F1482007FB002 /* Assets.xcassets */; };
		2BB79E701E9F1482007FB002 /* LaunchScreen.storyboard in Resources */ = {isa = PBXBuildFile; fileRef = 2BB79E6E1E9F1482007FB002 /* LaunchScreen.storyboard */; };
		2BB79E781E9F14F0007FB002 /* UIScrollViewController.swift in Sources */ = {isa = PBXBuildFile; fileRef = 2BB79E771E9F14F0007FB002 /* UIScrollViewController.swift */; };
		2BB79E7B1E9F19C6007FB002 /* ImageTagViewController.swift in Sources */ = {isa = PBXBuildFile; fileRef = 2BB79E7A1E9F19C6007FB002 /* ImageTagViewController.swift */; };
		2BB79E801E9F2DAA007FB002 /* ImageTagViewModel.swift in Sources */ = {isa = PBXBuildFile; fileRef = 2BB79E7F1E9F2DAA007FB002 /* ImageTagViewModel.swift */; };
		2BB79E821E9F58A1007FB002 /* TagCollectionViewController.swift in Sources */ = {isa = PBXBuildFile; fileRef = 2BB79E811E9F58A1007FB002 /* TagCollectionViewController.swift */; };
		2BB79E841E9F58A8007FB002 /* TagCell.swift in Sources */ = {isa = PBXBuildFile; fileRef = 2BB79E831E9F58A8007FB002 /* TagCell.swift */; };
		2BB79E891E9F5A49007FB002 /* TagCellViewModel.swift in Sources */ = {isa = PBXBuildFile; fileRef = 2BB79E881E9F5A49007FB002 /* TagCellViewModel.swift */; };
		2BB79E8C1E9F5EDC007FB002 /* DataManager.swift in Sources */ = {isa = PBXBuildFile; fileRef = 2BB79E8B1E9F5EDC007FB002 /* DataManager.swift */; };
/* End PBXBuildFile section */

/* Begin PBXFileReference section */
		2BB79E5F1E9F1482007FB002 /* tagup.app */ = {isa = PBXFileReference; explicitFileType = wrapper.application; includeInIndex = 0; path = tagup.app; sourceTree = BUILT_PRODUCTS_DIR; };
		2BB79E621E9F1482007FB002 /* AppDelegate.swift */ = {isa = PBXFileReference; lastKnownFileType = sourcecode.swift; path = AppDelegate.swift; sourceTree = "<group>"; };
		2BB79E641E9F1482007FB002 /* TagViewController.swift */ = {isa = PBXFileReference; lastKnownFileType = sourcecode.swift; path = TagViewController.swift; sourceTree = "<group>"; };
		2BB79E6A1E9F1482007FB002 /* tagup.xcdatamodel */ = {isa = PBXFileReference; lastKnownFileType = wrapper.xcdatamodel; path = tagup.xcdatamodel; sourceTree = "<group>"; };
		2BB79E6C1E9F1482007FB002 /* Assets.xcassets */ = {isa = PBXFileReference; lastKnownFileType = folder.assetcatalog; path = Assets.xcassets; sourceTree = "<group>"; };
		2BB79E6F1E9F1482007FB002 /* Base */ = {isa = PBXFileReference; lastKnownFileType = file.storyboard; name = Base; path = Base.lproj/LaunchScreen.storyboard; sourceTree = "<group>"; };
		2BB79E711E9F1482007FB002 /* Info.plist */ = {isa = PBXFileReference; lastKnownFileType = text.plist.xml; path = Info.plist; sourceTree = "<group>"; };
		2BB79E771E9F14F0007FB002 /* UIScrollViewController.swift */ = {isa = PBXFileReference; fileEncoding = 4; lastKnownFileType = sourcecode.swift; path = UIScrollViewController.swift; sourceTree = "<group>"; };
		2BB79E7A1E9F19C6007FB002 /* ImageTagViewController.swift */ = {isa = PBXFileReference; fileEncoding = 4; lastKnownFileType = sourcecode.swift; path = ImageTagViewController.swift; sourceTree = "<group>"; };
		2BB79E7F1E9F2DAA007FB002 /* ImageTagViewModel.swift */ = {isa = PBXFileReference; fileEncoding = 4; lastKnownFileType = sourcecode.swift; path = ImageTagViewModel.swift; sourceTree = "<group>"; };
		2BB79E811E9F58A1007FB002 /* TagCollectionViewController.swift */ = {isa = PBXFileReference; fileEncoding = 4; lastKnownFileType = sourcecode.swift; path = TagCollectionViewController.swift; sourceTree = "<group>"; };
		2BB79E831E9F58A8007FB002 /* TagCell.swift */ = {isa = PBXFileReference; fileEncoding = 4; lastKnownFileType = sourcecode.swift; path = TagCell.swift; sourceTree = "<group>"; };
		2BB79E881E9F5A49007FB002 /* TagCellViewModel.swift */ = {isa = PBXFileReference; fileEncoding = 4; lastKnownFileType = sourcecode.swift; path = TagCellViewModel.swift; sourceTree = "<group>"; };
		2BB79E8B1E9F5EDC007FB002 /* DataManager.swift */ = {isa = PBXFileReference; fileEncoding = 4; lastKnownFileType = sourcecode.swift; path = DataManager.swift; sourceTree = "<group>"; };
/* End PBXFileReference section */

/* Begin PBXFrameworksBuildPhase section */
		2BB79E5C1E9F1482007FB002 /* Frameworks */ = {
			isa = PBXFrameworksBuildPhase;
			buildActionMask = 2147483647;
			files = (
			);
			runOnlyForDeploymentPostprocessing = 0;
		};
/* End PBXFrameworksBuildPhase section */

/* Begin PBXGroup section */
		2BB79E561E9F1482007FB002 = {
			isa = PBXGroup;
			children = (
				2BB79E611E9F1482007FB002 /* tagup */,
				2BB79E601E9F1482007FB002 /* Products */,
			);
			sourceTree = "<group>";
		};
		2BB79E601E9F1482007FB002 /* Products */ = {
			isa = PBXGroup;
			children = (
				2BB79E5F1E9F1482007FB002 /* tagup.app */,
			);
			name = Products;
			sourceTree = "<group>";
		};
		2BB79E611E9F1482007FB002 /* tagup */ = {
			isa = PBXGroup;
			children = (
				2BB79E771E9F14F0007FB002 /* UIScrollViewController.swift */,
				2BB79E8B1E9F5EDC007FB002 /* DataManager.swift */,
				2BB79E7C1E9F282E007FB002 /* Tag ViewControllers */,
				2BB79E691E9F1482007FB002 /* tagup.xcdatamodeld */,
				2BB79E791E9F1542007FB002 /* Supporting Files */,
			);
			path = tagup;
			sourceTree = "<group>";
		};
		2BB79E791E9F1542007FB002 /* Supporting Files */ = {
			isa = PBXGroup;
			children = (
				2BB79E621E9F1482007FB002 /* AppDelegate.swift */,
				2BB79E6C1E9F1482007FB002 /* Assets.xcassets */,
				2BB79E6E1E9F1482007FB002 /* LaunchScreen.storyboard */,
				2BB79E711E9F1482007FB002 /* Info.plist */,
			);
			name = "Supporting Files";
			sourceTree = "<group>";
		};
		2BB79E7C1E9F282E007FB002 /* Tag ViewControllers */ = {
			isa = PBXGroup;
			children = (
				2BB79E8A1E9F5A69007FB002 /* Homepage */,
				2BB79E871E9F5911007FB002 /* Image Tags */,
				2BB79E641E9F1482007FB002 /* TagViewController.swift */,
			);
			name = "Tag ViewControllers";
			sourceTree = "<group>";
		};
		2BB79E7D1E9F284E007FB002 /* Image ViewControllers */ = {
			isa = PBXGroup;
			children = (
				2BB79E7A1E9F19C6007FB002 /* ImageTagViewController.swift */,
			);
			name = "Image ViewControllers";
			sourceTree = "<group>";
		};
		2BB79E7E1E9F2D84007FB002 /* ImageTag ViewModel */ = {
			isa = PBXGroup;
			children = (
				2BB79E7F1E9F2DAA007FB002 /* ImageTagViewModel.swift */,
			);
			name = "ImageTag ViewModel";
			sourceTree = "<group>";
		};
		2BB79E871E9F5911007FB002 /* Image Tags */ = {
			isa = PBXGroup;
			children = (
				2BB79E7D1E9F284E007FB002 /* Image ViewControllers */,
				2BB79E7E1E9F2D84007FB002 /* ImageTag ViewModel */,
			);
			name = "Image Tags";
			sourceTree = "<group>";
		};
		2BB79E8A1E9F5A69007FB002 /* Homepage */ = {
			isa = PBXGroup;
			children = (
				2BB79E811E9F58A1007FB002 /* TagCollectionViewController.swift */,
				2BB79E831E9F58A8007FB002 /* TagCell.swift */,
				2BB79E881E9F5A49007FB002 /* TagCellViewModel.swift */,
			);
			name = Homepage;
			sourceTree = "<group>";
		};
/* End PBXGroup section */

/* Begin PBXNativeTarget section */
		2BB79E5E1E9F1482007FB002 /* tagup */ = {
			isa = PBXNativeTarget;
			buildConfigurationList = 2BB79E741E9F1482007FB002 /* Build configuration list for PBXNativeTarget "tagup" */;
			buildPhases = (
				2BB79E5B1E9F1482007FB002 /* Sources */,
				2BB79E5C1E9F1482007FB002 /* Frameworks */,
				2BB79E5D1E9F1482007FB002 /* Resources */,
			);
			buildRules = (
			);
			dependencies = (
			);
			name = tagup;
			productName = tagup;
			productReference = 2BB79E5F1E9F1482007FB002 /* tagup.app */;
			productType = "com.apple.product-type.application";
		};
/* End PBXNativeTarget section */

/* Begin PBXProject section */
		2BB79E571E9F1482007FB002 /* Project object */ = {
			isa = PBXProject;
			attributes = {
				LastSwiftUpdateCheck = 0830;
				LastUpgradeCheck = 0830;
				ORGANIZATIONNAME = Edward;
				TargetAttributes = {
					2BB79E5E1E9F1482007FB002 = {
						CreatedOnToolsVersion = 8.3;
						DevelopmentTeam = FMF4ZAXMJF;
						ProvisioningStyle = Automatic;
					};
				};
			};
			buildConfigurationList = 2BB79E5A1E9F1482007FB002 /* Build configuration list for PBXProject "tagup" */;
			compatibilityVersion = "Xcode 3.2";
			developmentRegion = English;
			hasScannedForEncodings = 0;
			knownRegions = (
				en,
				Base,
			);
			mainGroup = 2BB79E561E9F1482007FB002;
			productRefGroup = 2BB79E601E9F1482007FB002 /* Products */;
			projectDirPath = "";
			projectRoot = "";
			targets = (
				2BB79E5E1E9F1482007FB002 /* tagup */,
			);
		};
/* End PBXProject section */

/* Begin PBXResourcesBuildPhase section */
		2BB79E5D1E9F1482007FB002 /* Resources */ = {
			isa = PBXResourcesBuildPhase;
			buildActionMask = 2147483647;
			files = (
				2BB79E701E9F1482007FB002 /* LaunchScreen.storyboard in Resources */,
				2BB79E6D1E9F1482007FB002 /* Assets.xcassets in Resources */,
			);
			runOnlyForDeploymentPostprocessing = 0;
		};
/* End PBXResourcesBuildPhase section */

/* Begin PBXSourcesBuildPhase section */
		2BB79E5B1E9F1482007FB002 /* Sources */ = {
			isa = PBXSourcesBuildPhase;
			buildActionMask = 2147483647;
			files = (
				2BB79E821E9F58A1007FB002 /* TagCollectionViewController.swift in Sources */,
				2BB79E8C1E9F5EDC007FB002 /* DataManager.swift in Sources */,
				2BB79E6B1E9F1482007FB002 /* tagup.xcdatamodeld in Sources */,
				2BB79E651E9F1482007FB002 /* TagViewController.swift in Sources */,
				2BB79E631E9F1482007FB002 /* AppDelegate.swift in Sources */,
				2BB79E7B1E9F19C6007FB002 /* ImageTagViewController.swift in Sources */,
				2BB79E801E9F2DAA007FB002 /* ImageTagViewModel.swift in Sources */,
				2BB79E891E9F5A49007FB002 /* TagCellViewModel.swift in Sources */,
				2BB79E781E9F14F0007FB002 /* UIScrollViewController.swift in Sources */,
				2BB79E841E9F58A8007FB002 /* TagCell.swift in Sources */,
			);
			runOnlyForDeploymentPostprocessing = 0;
		};
/* End PBXSourcesBuildPhase section */

/* Begin PBXVariantGroup section */
		2BB79E6E1E9F1482007FB002 /* LaunchScreen.storyboard */ = {
			isa = PBXVariantGroup;
			children = (
				2BB79E6F1E9F1482007FB002 /* Base */,
			);
			name = LaunchScreen.storyboard;
			sourceTree = "<group>";
		};
/* End PBXVariantGroup section */

/* Begin XCBuildConfiguration section */
		2BB79E721E9F1482007FB002 /* Debug */ = {
			isa = XCBuildConfiguration;
			buildSettings = {
				ALWAYS_SEARCH_USER_PATHS = NO;
				CLANG_ANALYZER_NONNULL = YES;
				CLANG_ANALYZER_NUMBER_OBJECT_CONVERSION = YES_AGGRESSIVE;
				CLANG_CXX_LANGUAGE_STANDARD = "gnu++0x";
				CLANG_CXX_LIBRARY = "libc++";
				CLANG_ENABLE_MODULES = YES;
				CLANG_ENABLE_OBJC_ARC = YES;
				CLANG_WARN_BOOL_CONVERSION = YES;
				CLANG_WARN_CONSTANT_CONVERSION = YES;
				CLANG_WARN_DIRECT_OBJC_ISA_USAGE = YES_ERROR;
				CLANG_WARN_DOCUMENTATION_COMMENTS = YES;
				CLANG_WARN_EMPTY_BODY = YES;
				CLANG_WARN_ENUM_CONVERSION = YES;
				CLANG_WARN_INFINITE_RECURSION = YES;
				CLANG_WARN_INT_CONVERSION = YES;
				CLANG_WARN_OBJC_ROOT_CLASS = YES_ERROR;
				CLANG_WARN_SUSPICIOUS_MOVE = YES;
				CLANG_WARN_UNREACHABLE_CODE = YES;
				CLANG_WARN__DUPLICATE_METHOD_MATCH = YES;
				"CODE_SIGN_IDENTITY[sdk=iphoneos*]" = "iPhone Developer";
				COPY_PHASE_STRIP = NO;
				DEBUG_INFORMATION_FORMAT = dwarf;
				ENABLE_STRICT_OBJC_MSGSEND = YES;
				ENABLE_TESTABILITY = YES;
				GCC_C_LANGUAGE_STANDARD = gnu99;
				GCC_DYNAMIC_NO_PIC = NO;
				GCC_NO_COMMON_BLOCKS = YES;
				GCC_OPTIMIZATION_LEVEL = 0;
				GCC_PREPROCESSOR_DEFINITIONS = (
					"DEBUG=1",
					"$(inherited)",
				);
				GCC_WARN_64_TO_32_BIT_CONVERSION = YES;
				GCC_WARN_ABOUT_RETURN_TYPE = YES_ERROR;
				GCC_WARN_UNDECLARED_SELECTOR = YES;
				GCC_WARN_UNINITIALIZED_AUTOS = YES_AGGRESSIVE;
				GCC_WARN_UNUSED_FUNCTION = YES;
				GCC_WARN_UNUSED_VARIABLE = YES;
				IPHONEOS_DEPLOYMENT_TARGET = 10.3;
				MTL_ENABLE_DEBUG_INFO = YES;
				ONLY_ACTIVE_ARCH = YES;
				SDKROOT = iphoneos;
				SWIFT_ACTIVE_COMPILATION_CONDITIONS = DEBUG;
				SWIFT_OPTIMIZATION_LEVEL = "-Onone";
				TARGETED_DEVICE_FAMILY = "1,2";
			};
			name = Debug;
		};
		2BB79E731E9F1482007FB002 /* Release */ = {
			isa = XCBuildConfiguration;
			buildSettings = {
				ALWAYS_SEARCH_USER_PATHS = NO;
				CLANG_ANALYZER_NONNULL = YES;
				CLANG_ANALYZER_NUMBER_OBJECT_CONVERSION = YES_AGGRESSIVE;
				CLANG_CXX_LANGUAGE_STANDARD = "gnu++0x";
				CLANG_CXX_LIBRARY = "libc++";
				CLANG_ENABLE_MODULES = YES;
				CLANG_ENABLE_OBJC_ARC = YES;
				CLANG_WARN_BOOL_CONVERSION = YES;
				CLANG_WARN_CONSTANT_CONVERSION = YES;
				CLANG_WARN_DIRECT_OBJC_ISA_USAGE = YES_ERROR;
				CLANG_WARN_DOCUMENTATION_COMMENTS = YES;
				CLANG_WARN_EMPTY_BODY = YES;
				CLANG_WARN_ENUM_CONVERSION = YES;
				CLANG_WARN_INFINITE_RECURSION = YES;
				CLANG_WARN_INT_CONVERSION = YES;
				CLANG_WARN_OBJC_ROOT_CLASS = YES_ERROR;
				CLANG_WARN_SUSPICIOUS_MOVE = YES;
				CLANG_WARN_UNREACHABLE_CODE = YES;
				CLANG_WARN__DUPLICATE_METHOD_MATCH = YES;
				"CODE_SIGN_IDENTITY[sdk=iphoneos*]" = "iPhone Developer";
				COPY_PHASE_STRIP = NO;
				DEBUG_INFORMATION_FORMAT = "dwarf-with-dsym";
				ENABLE_NS_ASSERTIONS = NO;
				ENABLE_STRICT_OBJC_MSGSEND = YES;
				GCC_C_LANGUAGE_STANDARD = gnu99;
				GCC_NO_COMMON_BLOCKS = YES;
				GCC_WARN_64_TO_32_BIT_CONVERSION = YES;
				GCC_WARN_ABOUT_RETURN_TYPE = YES_ERROR;
				GCC_WARN_UNDECLARED_SELECTOR = YES;
				GCC_WARN_UNINITIALIZED_AUTOS = YES_AGGRESSIVE;
				GCC_WARN_UNUSED_FUNCTION = YES;
				GCC_WARN_UNUSED_VARIABLE = YES;
				IPHONEOS_DEPLOYMENT_TARGET = 10.3;
				MTL_ENABLE_DEBUG_INFO = NO;
				SDKROOT = iphoneos;
				SWIFT_OPTIMIZATION_LEVEL = "-Owholemodule";
				TARGETED_DEVICE_FAMILY = "1,2";
				VALIDATE_PRODUCT = YES;
			};
			name = Release;
		};
		2BB79E751E9F1482007FB002 /* Debug */ = {
			isa = XCBuildConfiguration;
			buildSettings = {
				ASSETCATALOG_COMPILER_APPICON_NAME = AppIcon;
				DEVELOPMENT_TEAM = FMF4ZAXMJF;
				INFOPLIST_FILE = tagup/Info.plist;
				IPHONEOS_DEPLOYMENT_TARGET = 10.0;
				LD_RUNPATH_SEARCH_PATHS = "$(inherited) @executable_path/Frameworks";
				PRODUCT_BUNDLE_IDENTIFIER = com.sgedwardlim.tagup;
				PRODUCT_NAME = "$(TARGET_NAME)";
				SWIFT_VERSION = 3.0;
			};
			name = Debug;
		};
		2BB79E761E9F1482007FB002 /* Release */ = {
			isa = XCBuildConfiguration;
			buildSettings = {
				ASSETCATALOG_COMPILER_APPICON_NAME = AppIcon;
				DEVELOPMENT_TEAM = FMF4ZAXMJF;
				INFOPLIST_FILE = tagup/Info.plist;
				IPHONEOS_DEPLOYMENT_TARGET = 10.0;
				LD_RUNPATH_SEARCH_PATHS = "$(inherited) @executable_path/Frameworks";
				PRODUCT_BUNDLE_IDENTIFIER = com.sgedwardlim.tagup;
				PRODUCT_NAME = "$(TARGET_NAME)";
				SWIFT_VERSION = 3.0;
			};
			name = Release;
		};
/* End XCBuildConfiguration section */

/* Begin XCConfigurationList section */
		2BB79E5A1E9F1482007FB002 /* Build configuration list for PBXProject "tagup" */ = {
			isa = XCConfigurationList;
			buildConfigurations = (
				2BB79E721E9F1482007FB002 /* Debug */,
				2BB79E731E9F1482007FB002 /* Release */,
			);
			defaultConfigurationIsVisible = 0;
			defaultConfigurationName = Release;
		};
		2BB79E741E9F1482007FB002 /* Build configuration list for PBXNativeTarget "tagup" */ = {
			isa = XCConfigurationList;
			buildConfigurations = (
				2BB79E751E9F1482007FB002 /* Debug */,
				2BB79E761E9F1482007FB002 /* Release */,
			);
			defaultConfigurationIsVisible = 0;
			defaultConfigurationName = Release;
		};
/* End XCConfigurationList section */

/* Begin XCVersionGroup section */
		2BB79E691E9F1482007FB002 /* tagup.xcdatamodeld */ = {
			isa = XCVersionGroup;
			children = (
				2BB79E6A1E9F1482007FB002 /* tagup.xcdatamodel */,
			);
			currentVersion = 2BB79E6A1E9F1482007FB002 /* tagup.xcdatamodel */;
			path = tagup.xcdatamodeld;
			sourceTree = "<group>";
			versionGroupType = wrapper.xcdatamodel;
		};
/* End XCVersionGroup section */
	};
	rootObject = 2BB79E571E9F1482007FB002 /* Project object */;
}
